
Microsoft Visual Studio Solution File, Format Version 12.00
Project("{FAE04EC0-301F-11D3-BF4B-00C04F79EFBC}") = "Domain", "Domain\Domain.csproj", "{823A151B-D5FB-4E6D-B5F5-250AD115C5BC}"
EndProject
Project("{FAE04EC0-301F-11D3-BF4B-00C04F79EFBC}") = "Infrastructure", "Infrastructure\Infrastructure.csproj", "{56CD326C-CB5E-45FD-B06C-A7C6A29F21D9}"
EndProject
Project("{FAE04EC0-301F-11D3-BF4B-00C04F79EFBC}") = "Application", "Application\Application.csproj", "{035F3E70-F584-4156-990C-A35FE92D8E64}"
EndProject
Project("{FAE04EC0-301F-11D3-BF4B-00C04F79EFBC}") = "Presentation", "Presentation\Presentation.csproj", "{A0201066-7ED0-4E83-8345-AAB2AF3926B3}"
EndProject
Global
	GlobalSection(SolutionConfigurationPlatforms) = preSolution
		Debug|Any CPU = Debug|Any CPU
		Release|Any CPU = Release|Any CPU
	EndGlobalSection
	GlobalSection(ProjectConfigurationPlatforms) = postSolution
		{823A151B-D5FB-4E6D-B5F5-250AD115C5BC}.Debug|Any CPU.ActiveCfg = Debug|Any CPU
		{823A151B-D5FB-4E6D-B5F5-250AD115C5BC}.Debug|Any CPU.Build.0 = Debug|Any CPU
		{823A151B-D5FB-4E6D-B5F5-250AD115C5BC}.Release|Any CPU.ActiveCfg = Release|Any CPU
		{823A151B-D5FB-4E6D-B5F5-250AD115C5BC}.Release|Any CPU.Build.0 = Release|Any CPU
		{56CD326C-CB5E-45FD-B06C-A7C6A29F21D9}.Debug|Any CPU.ActiveCfg = Debug|Any CPU
		{56CD326C-CB5E-45FD-B06C-A7C6A29F21D9}.Debug|Any CPU.Build.0 = Debug|Any CPU
		{56CD326C-CB5E-45FD-B06C-A7C6A29F21D9}.Release|Any CPU.ActiveCfg = Release|Any CPU
		{56CD326C-CB5E-45FD-B06C-A7C6A29F21D9}.Release|Any CPU.Build.0 = Release|Any CPU
		{035F3E70-F584-4156-990C-A35FE92D8E64}.Debug|Any CPU.ActiveCfg = Debug|Any CPU
		{035F3E70-F584-4156-990C-A35FE92D8E64}.Debug|Any CPU.Build.0 = Debug|Any CPU
		{035F3E70-F584-4156-990C-A35FE92D8E64}.Release|Any CPU.ActiveCfg = Release|Any CPU
		{035F3E70-F584-4156-990C-A35FE92D8E64}.Release|Any CPU.Build.0 = Release|Any CPU
		{A0201066-7ED0-4E83-8345-AAB2AF3926B3}.Debug|Any CPU.ActiveCfg = Debug|Any CPU
		{A0201066-7ED0-4E83-8345-AAB2AF3926B3}.Debug|Any CPU.Build.0 = Debug|Any CPU
		{A0201066-7ED0-4E83-8345-AAB2AF3926B3}.Release|Any CPU.ActiveCfg = Release|Any CPU
		{A0201066-7ED0-4E83-8345-AAB2AF3926B3}.Release|Any CPU.Build.0 = Release|Any CPU
	EndGlobalSection
EndGlobal
